// !$*UTF8*$!
{
	archiveVersion = 1;
	classes = {
	};
	objectVersion = 46;
	objects = {

/* Begin PBXBuildFile section */
		5315C4D2D499E5005B87F725 /* Pods_LDSStoryMakersRealDeal.framework in Frameworks */ = {isa = PBXBuildFile; fileRef = 09AB3C339F211A94054E69CA /* Pods_LDSStoryMakersRealDeal.framework */; };
		873811231C76B3A500F4A2D1 /* HomeViewController.swift in Sources */ = {isa = PBXBuildFile; fileRef = 873811221C76B3A500F4A2D1 /* HomeViewController.swift */; };
		873811251C76E10600F4A2D1 /* TableViewDataSource.swift in Sources */ = {isa = PBXBuildFile; fileRef = 873811241C76E10600F4A2D1 /* TableViewDataSource.swift */; };
		8741B1E11C7E117800EFAA8B /* AppAppearance.swift in Sources */ = {isa = PBXBuildFile; fileRef = 8741B1E01C7E117800EFAA8B /* AppAppearance.swift */; };
		8741B1E31C7E2BCF00EFAA8B /* ClassDetailView.swift in Sources */ = {isa = PBXBuildFile; fileRef = 8741B1E21C7E2BCF00EFAA8B /* ClassDetailView.swift */; };
		875D55F11C92830E00EEF930 /* Assets.xcassets in Resources */ = {isa = PBXBuildFile; fileRef = 875D55F01C92830E00EEF930 /* Assets.xcassets */; };
		87616FC21CAC26A6007A996A /* Breakout+CoreDataProperties.swift in Sources */ = {isa = PBXBuildFile; fileRef = 87616FB61CAC26A6007A996A /* Breakout+CoreDataProperties.swift */; };
		87616FC31CAC26A6007A996A /* Breakout.swift in Sources */ = {isa = PBXBuildFile; fileRef = 87616FB71CAC26A6007A996A /* Breakout.swift */; };
		87616FC41CAC26A6007A996A /* ScheduleItem+CoreDataProperties.swift in Sources */ = {isa = PBXBuildFile; fileRef = 87616FB81CAC26A6007A996A /* ScheduleItem+CoreDataProperties.swift */; };
		87616FC51CAC26A6007A996A /* ScheduleItem.swift in Sources */ = {isa = PBXBuildFile; fileRef = 87616FB91CAC26A6007A996A /* ScheduleItem.swift */; };
		87616FC61CAC26A6007A996A /* Speaker+CoreDataProperties.swift in Sources */ = {isa = PBXBuildFile; fileRef = 87616FBA1CAC26A6007A996A /* Speaker+CoreDataProperties.swift */; };
		87616FC71CAC26A6007A996A /* Speaker.swift in Sources */ = {isa = PBXBuildFile; fileRef = 87616FBB1CAC26A6007A996A /* Speaker.swift */; };
		87616FC81CAC26A6007A996A /* Notification+CoreDataProperties.swift in Sources */ = {isa = PBXBuildFile; fileRef = 87616FBC1CAC26A6007A996A /* Notification+CoreDataProperties.swift */; };
		87616FC91CAC26A6007A996A /* Notification.swift in Sources */ = {isa = PBXBuildFile; fileRef = 87616FBD1CAC26A6007A996A /* Notification.swift */; };
		87616FCA1CAC26A6007A996A /* Presentation+CoreDataProperties.swift in Sources */ = {isa = PBXBuildFile; fileRef = 87616FBE1CAC26A6007A996A /* Presentation+CoreDataProperties.swift */; };
		87616FCB1CAC26A6007A996A /* Presentation.swift in Sources */ = {isa = PBXBuildFile; fileRef = 87616FBF1CAC26A6007A996A /* Presentation.swift */; };
		87616FCC1CAC26A6007A996A /* ClassScheduled+CoreDataProperties.swift in Sources */ = {isa = PBXBuildFile; fileRef = 87616FC01CAC26A6007A996A /* ClassScheduled+CoreDataProperties.swift */; };
		87616FCD1CAC26A6007A996A /* ClassScheduled.swift in Sources */ = {isa = PBXBuildFile; fileRef = 87616FC11CAC26A6007A996A /* ClassScheduled.swift */; };
		8774D89C1C976B3600136514 /* MandatoryClassCell.swift in Sources */ = {isa = PBXBuildFile; fileRef = 8774D89B1C976B3600136514 /* MandatoryClassCell.swift */; };
		878E2ECB1C8274D30050D934 /* NextClassCell.swift in Sources */ = {isa = PBXBuildFile; fileRef = 878E2ECA1C8274D30050D934 /* NextClassCell.swift */; };
		878E2ECF1C8285600050D934 /* UpcomingClassCell.swift in Sources */ = {isa = PBXBuildFile; fileRef = 878E2ECE1C8285600050D934 /* UpcomingClassCell.swift */; };
		8792D0E81C7CDD500029E532 /* DetailBreakoutVC.swift in Sources */ = {isa = PBXBuildFile; fileRef = 8792D0E71C7CDD500029E532 /* DetailBreakoutVC.swift */; };
		8792D0EA1C7CDDF00029E532 /* DetailBreakoutDataSource.swift in Sources */ = {isa = PBXBuildFile; fileRef = 8792D0E91C7CDDF00029E532 /* DetailBreakoutDataSource.swift */; };
		8792D0EC1C7CE2010029E532 /* PresentationCell.swift in Sources */ = {isa = PBXBuildFile; fileRef = 8792D0EB1C7CE2010029E532 /* PresentationCell.swift */; };
		87B070381C78251600014DD1 /* FullScheduleViewController.swift in Sources */ = {isa = PBXBuildFile; fileRef = 87B070371C78251600014DD1 /* FullScheduleViewController.swift */; };
		87B0703A1C78C9BD00014DD1 /* ManagedObjectsController.swift in Sources */ = {isa = PBXBuildFile; fileRef = 87B070391C78C9BD00014DD1 /* ManagedObjectsController.swift */; };
		87BACC2E1C9A523A003E917C /* SettingsVC.swift in Sources */ = {isa = PBXBuildFile; fileRef = 87BACC2D1C9A523A003E917C /* SettingsVC.swift */; };
		87C416741C7F6B1F00D99E17 /* SpeakerBioView.swift in Sources */ = {isa = PBXBuildFile; fileRef = 87C416731C7F6B1F00D99E17 /* SpeakerBioView.swift */; };
		87C416761C7F915E00D99E17 /* AddRemoveClass.swift in Sources */ = {isa = PBXBuildFile; fileRef = 87C416751C7F915E00D99E17 /* AddRemoveClass.swift */; };
		87C416A81C7FAAEA00D99E17 /* ClassToSchedule.swift in Sources */ = {isa = PBXBuildFile; fileRef = 87C416A71C7FAAEA00D99E17 /* ClassToSchedule.swift */; };
		87D257FF1C79A2C1000368FC /* BreakoutsDataSource.swift in Sources */ = {isa = PBXBuildFile; fileRef = 87D257FE1C79A2C1000368FC /* BreakoutsDataSource.swift */; };
		87D35D551C88D4500009EFF1 /* ViewFullScheduleCell.swift in Sources */ = {isa = PBXBuildFile; fileRef = 87D35D541C88D4500009EFF1 /* ViewFullScheduleCell.swift */; };
		87D35D571C88D9940009EFF1 /* FullPersonalSchedule.swift in Sources */ = {isa = PBXBuildFile; fileRef = 87D35D561C88D9940009EFF1 /* FullPersonalSchedule.swift */; };
		87D35D5A1C88DE390009EFF1 /* PersonalScheduleDS.swift in Sources */ = {isa = PBXBuildFile; fileRef = 87D35D591C88DE390009EFF1 /* PersonalScheduleDS.swift */; };
		87D35D5C1C88E0CF0009EFF1 /* PersonalScheduleCell.swift in Sources */ = {isa = PBXBuildFile; fileRef = 87D35D5B1C88E0CF0009EFF1 /* PersonalScheduleCell.swift */; };
		87F0AB2A1C9A4B370074D3C0 /* Launch Screen.storyboard in Resources */ = {isa = PBXBuildFile; fileRef = 87F0AB291C9A4B370074D3C0 /* Launch Screen.storyboard */; };
		87F1D3A01C7A988100D6AA87 /* BreakoutCell.swift in Sources */ = {isa = PBXBuildFile; fileRef = 87F1D39F1C7A988100D6AA87 /* BreakoutCell.swift */; };
		87F21A081C69360300C2EAA4 /* AppDelegate.swift in Sources */ = {isa = PBXBuildFile; fileRef = 87F21A071C69360300C2EAA4 /* AppDelegate.swift */; };
		87F21A0D1C69360300C2EAA4 /* Main.storyboard in Resources */ = {isa = PBXBuildFile; fileRef = 87F21A0B1C69360300C2EAA4 /* Main.storyboard */; };
		87F21A101C69360300C2EAA4 /* LDSStoryMakersRealDeal.xcdatamodeld in Sources */ = {isa = PBXBuildFile; fileRef = 87F21A0E1C69360300C2EAA4 /* LDSStoryMakersRealDeal.xcdatamodeld */; };
		87F21A201C69360300C2EAA4 /* LDSStoryMakersRealDealTests.swift in Sources */ = {isa = PBXBuildFile; fileRef = 87F21A1F1C69360300C2EAA4 /* LDSStoryMakersRealDealTests.swift */; };
		87F21A2B1C69360300C2EAA4 /* LDSStoryMakersRealDealUITests.swift in Sources */ = {isa = PBXBuildFile; fileRef = 87F21A2A1C69360300C2EAA4 /* LDSStoryMakersRealDealUITests.swift */; };
		87F21A391C69380A00C2EAA4 /* NSURLSessionController.swift in Sources */ = {isa = PBXBuildFile; fileRef = 87F21A381C69380A00C2EAA4 /* NSURLSessionController.swift */; };
		87F330F11CA22771004E90BD /* WAActivityIndicatorView in Resources */ = {isa = PBXBuildFile; fileRef = 87F330F01CA22771004E90BD /* WAActivityIndicatorView */; };
		87F330F31CA23ECA004E90BD /* Images.xcassets in Resources */ = {isa = PBXBuildFile; fileRef = 87F330F21CA23ECA004E90BD /* Images.xcassets */; };
/* End PBXBuildFile section */

/* Begin PBXContainerItemProxy section */
		87F21A1C1C69360300C2EAA4 /* PBXContainerItemProxy */ = {
			isa = PBXContainerItemProxy;
			containerPortal = 87F219FC1C69360200C2EAA4 /* Project object */;
			proxyType = 1;
			remoteGlobalIDString = 87F21A031C69360200C2EAA4;
			remoteInfo = LDSStoryMakersRealDeal;
		};
		87F21A271C69360300C2EAA4 /* PBXContainerItemProxy */ = {
			isa = PBXContainerItemProxy;
			containerPortal = 87F219FC1C69360200C2EAA4 /* Project object */;
			proxyType = 1;
			remoteGlobalIDString = 87F21A031C69360200C2EAA4;
			remoteInfo = LDSStoryMakersRealDeal;
		};
/* End PBXContainerItemProxy section */

/* Begin PBXFileReference section */
		09AB3C339F211A94054E69CA /* Pods_LDSStoryMakersRealDeal.framework */ = {isa = PBXFileReference; explicitFileType = wrapper.framework; includeInIndex = 0; path = Pods_LDSStoryMakersRealDeal.framework; sourceTree = BUILT_PRODUCTS_DIR; };
		873811221C76B3A500F4A2D1 /* HomeViewController.swift */ = {isa = PBXFileReference; fileEncoding = 4; lastKnownFileType = sourcecode.swift; name = HomeViewController.swift; path = ../HomeViewController.swift; sourceTree = "<group>"; };
		873811241C76E10600F4A2D1 /* TableViewDataSource.swift */ = {isa = PBXFileReference; fileEncoding = 4; lastKnownFileType = sourcecode.swift; path = TableViewDataSource.swift; sourceTree = "<group>"; };
		8741B1E01C7E117800EFAA8B /* AppAppearance.swift */ = {isa = PBXFileReference; fileEncoding = 4; lastKnownFileType = sourcecode.swift; path = AppAppearance.swift; sourceTree = "<group>"; };
		8741B1E21C7E2BCF00EFAA8B /* ClassDetailView.swift */ = {isa = PBXFileReference; fileEncoding = 4; lastKnownFileType = sourcecode.swift; path = ClassDetailView.swift; sourceTree = "<group>"; };
		875D55F01C92830E00EEF930 /* Assets.xcassets */ = {isa = PBXFileReference; lastKnownFileType = folder.assetcatalog; path = Assets.xcassets; sourceTree = "<group>"; };
		87616FB61CAC26A6007A996A /* Breakout+CoreDataProperties.swift */ = {isa = PBXFileReference; fileEncoding = 4; lastKnownFileType = sourcecode.swift; path = "Breakout+CoreDataProperties.swift"; sourceTree = "<group>"; };
		87616FB71CAC26A6007A996A /* Breakout.swift */ = {isa = PBXFileReference; fileEncoding = 4; lastKnownFileType = sourcecode.swift; path = Breakout.swift; sourceTree = "<group>"; };
		87616FB81CAC26A6007A996A /* ScheduleItem+CoreDataProperties.swift */ = {isa = PBXFileReference; fileEncoding = 4; lastKnownFileType = sourcecode.swift; path = "ScheduleItem+CoreDataProperties.swift"; sourceTree = "<group>"; };
		87616FB91CAC26A6007A996A /* ScheduleItem.swift */ = {isa = PBXFileReference; fileEncoding = 4; lastKnownFileType = sourcecode.swift; path = ScheduleItem.swift; sourceTree = "<group>"; };
		87616FBA1CAC26A6007A996A /* Speaker+CoreDataProperties.swift */ = {isa = PBXFileReference; fileEncoding = 4; lastKnownFileType = sourcecode.swift; path = "Speaker+CoreDataProperties.swift"; sourceTree = "<group>"; };
		87616FBB1CAC26A6007A996A /* Speaker.swift */ = {isa = PBXFileReference; fileEncoding = 4; lastKnownFileType = sourcecode.swift; path = Speaker.swift; sourceTree = "<group>"; };
		87616FBC1CAC26A6007A996A /* Notification+CoreDataProperties.swift */ = {isa = PBXFileReference; fileEncoding = 4; lastKnownFileType = sourcecode.swift; path = "Notification+CoreDataProperties.swift"; sourceTree = "<group>"; };
		87616FBD1CAC26A6007A996A /* Notification.swift */ = {isa = PBXFileReference; fileEncoding = 4; lastKnownFileType = sourcecode.swift; path = Notification.swift; sourceTree = "<group>"; };
		87616FBE1CAC26A6007A996A /* Presentation+CoreDataProperties.swift */ = {isa = PBXFileReference; fileEncoding = 4; lastKnownFileType = sourcecode.swift; path = "Presentation+CoreDataProperties.swift"; sourceTree = "<group>"; };
		87616FBF1CAC26A6007A996A /* Presentation.swift */ = {isa = PBXFileReference; fileEncoding = 4; lastKnownFileType = sourcecode.swift; path = Presentation.swift; sourceTree = "<group>"; };
		87616FC01CAC26A6007A996A /* ClassScheduled+CoreDataProperties.swift */ = {isa = PBXFileReference; fileEncoding = 4; lastKnownFileType = sourcecode.swift; path = "ClassScheduled+CoreDataProperties.swift"; sourceTree = "<group>"; };
		87616FC11CAC26A6007A996A /* ClassScheduled.swift */ = {isa = PBXFileReference; fileEncoding = 4; lastKnownFileType = sourcecode.swift; path = ClassScheduled.swift; sourceTree = "<group>"; };
		8774D89B1C976B3600136514 /* MandatoryClassCell.swift */ = {isa = PBXFileReference; fileEncoding = 4; lastKnownFileType = sourcecode.swift; path = MandatoryClassCell.swift; sourceTree = "<group>"; };
		878E2ECA1C8274D30050D934 /* NextClassCell.swift */ = {isa = PBXFileReference; fileEncoding = 4; lastKnownFileType = sourcecode.swift; name = NextClassCell.swift; path = ../NextClassCell.swift; sourceTree = "<group>"; };
		878E2ECE1C8285600050D934 /* UpcomingClassCell.swift */ = {isa = PBXFileReference; fileEncoding = 4; lastKnownFileType = sourcecode.swift; name = UpcomingClassCell.swift; path = ../UpcomingClassCell.swift; sourceTree = "<group>"; };
		8792D0E71C7CDD500029E532 /* DetailBreakoutVC.swift */ = {isa = PBXFileReference; fileEncoding = 4; lastKnownFileType = sourcecode.swift; path = DetailBreakoutVC.swift; sourceTree = "<group>"; };
		8792D0E91C7CDDF00029E532 /* DetailBreakoutDataSource.swift */ = {isa = PBXFileReference; fileEncoding = 4; lastKnownFileType = sourcecode.swift; path = DetailBreakoutDataSource.swift; sourceTree = "<group>"; };
		8792D0EB1C7CE2010029E532 /* PresentationCell.swift */ = {isa = PBXFileReference; fileEncoding = 4; lastKnownFileType = sourcecode.swift; name = PresentationCell.swift; path = ../PresentationCell.swift; sourceTree = "<group>"; };
		87B070371C78251600014DD1 /* FullScheduleViewController.swift */ = {isa = PBXFileReference; fileEncoding = 4; lastKnownFileType = sourcecode.swift; path = FullScheduleViewController.swift; sourceTree = "<group>"; };
		87B070391C78C9BD00014DD1 /* ManagedObjectsController.swift */ = {isa = PBXFileReference; fileEncoding = 4; lastKnownFileType = sourcecode.swift; path = ManagedObjectsController.swift; sourceTree = "<group>"; };
		87BACC2D1C9A523A003E917C /* SettingsVC.swift */ = {isa = PBXFileReference; fileEncoding = 4; lastKnownFileType = sourcecode.swift; path = SettingsVC.swift; sourceTree = "<group>"; };
		87C416731C7F6B1F00D99E17 /* SpeakerBioView.swift */ = {isa = PBXFileReference; fileEncoding = 4; lastKnownFileType = sourcecode.swift; path = SpeakerBioView.swift; sourceTree = "<group>"; };
		87C416751C7F915E00D99E17 /* AddRemoveClass.swift */ = {isa = PBXFileReference; fileEncoding = 4; lastKnownFileType = sourcecode.swift; path = AddRemoveClass.swift; sourceTree = "<group>"; };
		87C416A71C7FAAEA00D99E17 /* ClassToSchedule.swift */ = {isa = PBXFileReference; fileEncoding = 4; lastKnownFileType = sourcecode.swift; name = ClassToSchedule.swift; path = ../ClassToSchedule.swift; sourceTree = "<group>"; };
		87D257FE1C79A2C1000368FC /* BreakoutsDataSource.swift */ = {isa = PBXFileReference; fileEncoding = 4; lastKnownFileType = sourcecode.swift; path = BreakoutsDataSource.swift; sourceTree = "<group>"; };
		87D35D541C88D4500009EFF1 /* ViewFullScheduleCell.swift */ = {isa = PBXFileReference; fileEncoding = 4; lastKnownFileType = sourcecode.swift; path = ViewFullScheduleCell.swift; sourceTree = "<group>"; };
		87D35D561C88D9940009EFF1 /* FullPersonalSchedule.swift */ = {isa = PBXFileReference; fileEncoding = 4; lastKnownFileType = sourcecode.swift; path = FullPersonalSchedule.swift; sourceTree = "<group>"; };
		87D35D591C88DE390009EFF1 /* PersonalScheduleDS.swift */ = {isa = PBXFileReference; fileEncoding = 4; lastKnownFileType = sourcecode.swift; path = PersonalScheduleDS.swift; sourceTree = "<group>"; };
		87D35D5B1C88E0CF0009EFF1 /* PersonalScheduleCell.swift */ = {isa = PBXFileReference; fileEncoding = 4; lastKnownFileType = sourcecode.swift; path = PersonalScheduleCell.swift; sourceTree = "<group>"; };
		87F0AB291C9A4B370074D3C0 /* Launch Screen.storyboard */ = {isa = PBXFileReference; fileEncoding = 4; lastKnownFileType = file.storyboard; name = "Launch Screen.storyboard"; path = "../Launch Screen.storyboard"; sourceTree = "<group>"; };
		87F1D39F1C7A988100D6AA87 /* BreakoutCell.swift */ = {isa = PBXFileReference; fileEncoding = 4; lastKnownFileType = sourcecode.swift; path = BreakoutCell.swift; sourceTree = "<group>"; };
		87F1F551D392D3D0BF60376B /* Pods-LDSStoryMakersRealDeal.release.xcconfig */ = {isa = PBXFileReference; includeInIndex = 1; lastKnownFileType = text.xcconfig; name = "Pods-LDSStoryMakersRealDeal.release.xcconfig"; path = "Pods/Target Support Files/Pods-LDSStoryMakersRealDeal/Pods-LDSStoryMakersRealDeal.release.xcconfig"; sourceTree = "<group>"; };
		87F21A041C69360200C2EAA4 /* LDSStoryMakersRealDeal.app */ = {isa = PBXFileReference; explicitFileType = wrapper.application; includeInIndex = 0; path = LDSStoryMakersRealDeal.app; sourceTree = BUILT_PRODUCTS_DIR; };
		87F21A071C69360300C2EAA4 /* AppDelegate.swift */ = {isa = PBXFileReference; lastKnownFileType = sourcecode.swift; path = AppDelegate.swift; sourceTree = "<group>"; };
		87F21A0C1C69360300C2EAA4 /* Base */ = {isa = PBXFileReference; lastKnownFileType = file.storyboard; name = Base; path = Base.lproj/Main.storyboard; sourceTree = "<group>"; };
		87F21A0F1C69360300C2EAA4 /* LDSStoryMakersRealDeal.xcdatamodel */ = {isa = PBXFileReference; lastKnownFileType = wrapper.xcdatamodel; path = LDSStoryMakersRealDeal.xcdatamodel; sourceTree = "<group>"; };
		87F21A161C69360300C2EAA4 /* Info.plist */ = {isa = PBXFileReference; lastKnownFileType = text.plist.xml; path = Info.plist; sourceTree = "<group>"; };
		87F21A1B1C69360300C2EAA4 /* LDSStoryMakersRealDealTests.xctest */ = {isa = PBXFileReference; explicitFileType = wrapper.cfbundle; includeInIndex = 0; path = LDSStoryMakersRealDealTests.xctest; sourceTree = BUILT_PRODUCTS_DIR; };
		87F21A1F1C69360300C2EAA4 /* LDSStoryMakersRealDealTests.swift */ = {isa = PBXFileReference; lastKnownFileType = sourcecode.swift; path = LDSStoryMakersRealDealTests.swift; sourceTree = "<group>"; };
		87F21A211C69360300C2EAA4 /* Info.plist */ = {isa = PBXFileReference; lastKnownFileType = text.plist.xml; path = Info.plist; sourceTree = "<group>"; };
		87F21A261C69360300C2EAA4 /* LDSStoryMakersRealDealUITests.xctest */ = {isa = PBXFileReference; explicitFileType = wrapper.cfbundle; includeInIndex = 0; path = LDSStoryMakersRealDealUITests.xctest; sourceTree = BUILT_PRODUCTS_DIR; };
		87F21A2A1C69360300C2EAA4 /* LDSStoryMakersRealDealUITests.swift */ = {isa = PBXFileReference; lastKnownFileType = sourcecode.swift; path = LDSStoryMakersRealDealUITests.swift; sourceTree = "<group>"; };
		87F21A2C1C69360300C2EAA4 /* Info.plist */ = {isa = PBXFileReference; lastKnownFileType = text.plist.xml; path = Info.plist; sourceTree = "<group>"; };
		87F21A381C69380A00C2EAA4 /* NSURLSessionController.swift */ = {isa = PBXFileReference; fileEncoding = 4; lastKnownFileType = sourcecode.swift; path = NSURLSessionController.swift; sourceTree = "<group>"; };
		87F330F01CA22771004E90BD /* WAActivityIndicatorView */ = {isa = PBXFileReference; lastKnownFileType = folder; path = WAActivityIndicatorView; sourceTree = "<group>"; };
		87F330F21CA23ECA004E90BD /* Images.xcassets */ = {isa = PBXFileReference; lastKnownFileType = folder.assetcatalog; path = Images.xcassets; sourceTree = "<group>"; };
		A0E924C83E9CB8454AFE5EE7 /* Pods-LDSStoryMakersRealDeal.debug.xcconfig */ = {isa = PBXFileReference; includeInIndex = 1; lastKnownFileType = text.xcconfig; name = "Pods-LDSStoryMakersRealDeal.debug.xcconfig"; path = "Pods/Target Support Files/Pods-LDSStoryMakersRealDeal/Pods-LDSStoryMakersRealDeal.debug.xcconfig"; sourceTree = "<group>"; };
/* End PBXFileReference section */

/* Begin PBXFrameworksBuildPhase section */
		87F21A011C69360200C2EAA4 /* Frameworks */ = {
			isa = PBXFrameworksBuildPhase;
			buildActionMask = 2147483647;
			files = (
				5315C4D2D499E5005B87F725 /* Pods_LDSStoryMakersRealDeal.framework in Frameworks */,
			);
			runOnlyForDeploymentPostprocessing = 0;
		};
		87F21A181C69360300C2EAA4 /* Frameworks */ = {
			isa = PBXFrameworksBuildPhase;
			buildActionMask = 2147483647;
			files = (
			);
			runOnlyForDeploymentPostprocessing = 0;
		};
		87F21A231C69360300C2EAA4 /* Frameworks */ = {
			isa = PBXFrameworksBuildPhase;
			buildActionMask = 2147483647;
			files = (
			);
			runOnlyForDeploymentPostprocessing = 0;
		};
/* End PBXFrameworksBuildPhase section */

/* Begin PBXGroup section */
		57AA09A51BE0294FC3126C77 /* Frameworks */ = {
			isa = PBXGroup;
			children = (
				09AB3C339F211A94054E69CA /* Pods_LDSStoryMakersRealDeal.framework */,
			);
			name = Frameworks;
			sourceTree = "<group>";
		};
		8738111F1C76645C00F4A2D1 /* Controllers */ = {
			isa = PBXGroup;
			children = (
				87F21A381C69380A00C2EAA4 /* NSURLSessionController.swift */,
				87B070391C78C9BD00014DD1 /* ManagedObjectsController.swift */,
			);
			name = Controllers;
			sourceTree = "<group>";
		};
		8741B1E41C7E2BD500EFAA8B /* ClassDetailView */ = {
			isa = PBXGroup;
			children = (
				8741B1E21C7E2BCF00EFAA8B /* ClassDetailView.swift */,
				87C416731C7F6B1F00D99E17 /* SpeakerBioView.swift */,
			);
			name = ClassDetailView;
			sourceTree = "<group>";
		};
		878153911C6C0D380042F4EB /* DataModel */ = {
			isa = PBXGroup;
			children = (
				87616FB61CAC26A6007A996A /* Breakout+CoreDataProperties.swift */,
				87616FB71CAC26A6007A996A /* Breakout.swift */,
				87616FB81CAC26A6007A996A /* ScheduleItem+CoreDataProperties.swift */,
				87616FB91CAC26A6007A996A /* ScheduleItem.swift */,
				87616FBA1CAC26A6007A996A /* Speaker+CoreDataProperties.swift */,
				87616FBB1CAC26A6007A996A /* Speaker.swift */,
				87616FBC1CAC26A6007A996A /* Notification+CoreDataProperties.swift */,
				87616FBD1CAC26A6007A996A /* Notification.swift */,
				87616FBE1CAC26A6007A996A /* Presentation+CoreDataProperties.swift */,
				87616FBF1CAC26A6007A996A /* Presentation.swift */,
				87616FC01CAC26A6007A996A /* ClassScheduled+CoreDataProperties.swift */,
				87616FC11CAC26A6007A996A /* ClassScheduled.swift */,
				87F21A0E1C69360300C2EAA4 /* LDSStoryMakersRealDeal.xcdatamodeld */,
			);
			name = DataModel;
			sourceTree = "<group>";
		};
		8792D0E21C7C22110029E532 /* DetailBreakoutView */ = {
			isa = PBXGroup;
			children = (
				8792D0E71C7CDD500029E532 /* DetailBreakoutVC.swift */,
				8792D0E91C7CDDF00029E532 /* DetailBreakoutDataSource.swift */,
				8792D0EB1C7CE2010029E532 /* PresentationCell.swift */,
				87C416751C7F915E00D99E17 /* AddRemoveClass.swift */,
			);
			name = DetailBreakoutView;
			sourceTree = "<group>";
		};
		87BACC2F1C9A524C003E917C /* Settings */ = {
			isa = PBXGroup;
			children = (
				87F330F01CA22771004E90BD /* WAActivityIndicatorView */,
				87BACC2D1C9A523A003E917C /* SettingsVC.swift */,
			);
			name = Settings;
			sourceTree = "<group>";
		};
		87D257FC1C79959E000368FC /* HomeVC */ = {
			isa = PBXGroup;
			children = (
				873811221C76B3A500F4A2D1 /* HomeViewController.swift */,
				873811241C76E10600F4A2D1 /* TableViewDataSource.swift */,
				878E2ECA1C8274D30050D934 /* NextClassCell.swift */,
				878E2ECE1C8285600050D934 /* UpcomingClassCell.swift */,
				87D35D541C88D4500009EFF1 /* ViewFullScheduleCell.swift */,
				87D35D581C88D99D0009EFF1 /* FullPersonalSchedule */,
			);
			name = HomeVC;
			sourceTree = "<group>";
		};
		87D257FD1C7995AA000368FC /* FullConferenceScheduleVC */ = {
			isa = PBXGroup;
			children = (
				87B070371C78251600014DD1 /* FullScheduleViewController.swift */,
				87D257FE1C79A2C1000368FC /* BreakoutsDataSource.swift */,
				87F1D39F1C7A988100D6AA87 /* BreakoutCell.swift */,
			);
			name = FullConferenceScheduleVC;
			sourceTree = "<group>";
		};
		87D35D581C88D99D0009EFF1 /* FullPersonalSchedule */ = {
			isa = PBXGroup;
			children = (
				87D35D561C88D9940009EFF1 /* FullPersonalSchedule.swift */,
				87D35D591C88DE390009EFF1 /* PersonalScheduleDS.swift */,
				87D35D5B1C88E0CF0009EFF1 /* PersonalScheduleCell.swift */,
				8774D89B1C976B3600136514 /* MandatoryClassCell.swift */,
			);
			name = FullPersonalSchedule;
			sourceTree = "<group>";
		};
		87F219FB1C69360200C2EAA4 = {
			isa = PBXGroup;
			children = (
				87F21A061C69360300C2EAA4 /* LDSStoryMakersRealDeal */,
				87F21A1E1C69360300C2EAA4 /* LDSStoryMakersRealDealTests */,
				87F21A291C69360300C2EAA4 /* LDSStoryMakersRealDealUITests */,
				87F21A051C69360200C2EAA4 /* Products */,
				E1F99EDB41A7320F9608BE96 /* Pods */,
				57AA09A51BE0294FC3126C77 /* Frameworks */,
			);
			sourceTree = "<group>";
		};
		87F21A051C69360200C2EAA4 /* Products */ = {
			isa = PBXGroup;
			children = (
				87F21A041C69360200C2EAA4 /* LDSStoryMakersRealDeal.app */,
				87F21A1B1C69360300C2EAA4 /* LDSStoryMakersRealDealTests.xctest */,
				87F21A261C69360300C2EAA4 /* LDSStoryMakersRealDealUITests.xctest */,
			);
			name = Products;
			sourceTree = "<group>";
		};
		87F21A061C69360300C2EAA4 /* LDSStoryMakersRealDeal */ = {
			isa = PBXGroup;
			children = (
				87F21A0B1C69360300C2EAA4 /* Main.storyboard */,
				87F21A071C69360300C2EAA4 /* AppDelegate.swift */,
				8741B1E01C7E117800EFAA8B /* AppAppearance.swift */,
				87FDA0751C73DF2B00D5720F /* TempObjects */,
				8738111F1C76645C00F4A2D1 /* Controllers */,
				878153911C6C0D380042F4EB /* DataModel */,
				87D257FC1C79959E000368FC /* HomeVC */,
				87D257FD1C7995AA000368FC /* FullConferenceScheduleVC */,
				8792D0E21C7C22110029E532 /* DetailBreakoutView */,
				8741B1E41C7E2BD500EFAA8B /* ClassDetailView */,
				87BACC2F1C9A524C003E917C /* Settings */,
				87F0AB291C9A4B370074D3C0 /* Launch Screen.storyboard */,
				875D55F01C92830E00EEF930 /* Assets.xcassets */,
				87F21A161C69360300C2EAA4 /* Info.plist */,
				87F330F21CA23ECA004E90BD /* Images.xcassets */,
			);
			path = LDSStoryMakersRealDeal;
			sourceTree = "<group>";
		};
		87F21A1E1C69360300C2EAA4 /* LDSStoryMakersRealDealTests */ = {
			isa = PBXGroup;
			children = (
				87F21A1F1C69360300C2EAA4 /* LDSStoryMakersRealDealTests.swift */,
				87F21A211C69360300C2EAA4 /* Info.plist */,
			);
			path = LDSStoryMakersRealDealTests;
			sourceTree = "<group>";
		};
		87F21A291C69360300C2EAA4 /* LDSStoryMakersRealDealUITests */ = {
			isa = PBXGroup;
			children = (
				87F21A2A1C69360300C2EAA4 /* LDSStoryMakersRealDealUITests.swift */,
				87F21A2C1C69360300C2EAA4 /* Info.plist */,
			);
			path = LDSStoryMakersRealDealUITests;
			sourceTree = "<group>";
		};
		87FDA0751C73DF2B00D5720F /* TempObjects */ = {
			isa = PBXGroup;
			children = (
				87C416A71C7FAAEA00D99E17 /* ClassToSchedule.swift */,
			);
			name = TempObjects;
			sourceTree = "<group>";
		};
		E1F99EDB41A7320F9608BE96 /* Pods */ = {
			isa = PBXGroup;
			children = (
				A0E924C83E9CB8454AFE5EE7 /* Pods-LDSStoryMakersRealDeal.debug.xcconfig */,
				87F1F551D392D3D0BF60376B /* Pods-LDSStoryMakersRealDeal.release.xcconfig */,
			);
			name = Pods;
			sourceTree = "<group>";
		};
/* End PBXGroup section */

/* Begin PBXNativeTarget section */
		87F21A031C69360200C2EAA4 /* LDSStoryMakersRealDeal */ = {
			isa = PBXNativeTarget;
			buildConfigurationList = 87F21A2F1C69360300C2EAA4 /* Build configuration list for PBXNativeTarget "LDSStoryMakersRealDeal" */;
			buildPhases = (
				E2C7C7A115CD3396425DC2E6 /* Check Pods Manifest.lock */,
				87F21A001C69360200C2EAA4 /* Sources */,
				87F21A011C69360200C2EAA4 /* Frameworks */,
				87F21A021C69360200C2EAA4 /* Resources */,
				C1E6D544EEF1BA7F1117F7AC /* Embed Pods Frameworks */,
				59185E81E4DBC69F9D3E90B8 /* Copy Pods Resources */,
			);
			buildRules = (
			);
			dependencies = (
			);
			name = LDSStoryMakersRealDeal;
			productName = LDSStoryMakersRealDeal;
			productReference = 87F21A041C69360200C2EAA4 /* LDSStoryMakersRealDeal.app */;
			productType = "com.apple.product-type.application";
		};
		87F21A1A1C69360300C2EAA4 /* LDSStoryMakersRealDealTests */ = {
			isa = PBXNativeTarget;
			buildConfigurationList = 87F21A321C69360300C2EAA4 /* Build configuration list for PBXNativeTarget "LDSStoryMakersRealDealTests" */;
			buildPhases = (
				87F21A171C69360300C2EAA4 /* Sources */,
				87F21A181C69360300C2EAA4 /* Frameworks */,
				87F21A191C69360300C2EAA4 /* Resources */,
			);
			buildRules = (
			);
			dependencies = (
				87F21A1D1C69360300C2EAA4 /* PBXTargetDependency */,
			);
			name = LDSStoryMakersRealDealTests;
			productName = LDSStoryMakersRealDealTests;
			productReference = 87F21A1B1C69360300C2EAA4 /* LDSStoryMakersRealDealTests.xctest */;
			productType = "com.apple.product-type.bundle.unit-test";
		};
		87F21A251C69360300C2EAA4 /* LDSStoryMakersRealDealUITests */ = {
			isa = PBXNativeTarget;
			buildConfigurationList = 87F21A351C69360300C2EAA4 /* Build configuration list for PBXNativeTarget "LDSStoryMakersRealDealUITests" */;
			buildPhases = (
				87F21A221C69360300C2EAA4 /* Sources */,
				87F21A231C69360300C2EAA4 /* Frameworks */,
				87F21A241C69360300C2EAA4 /* Resources */,
			);
			buildRules = (
			);
			dependencies = (
				87F21A281C69360300C2EAA4 /* PBXTargetDependency */,
			);
			name = LDSStoryMakersRealDealUITests;
			productName = LDSStoryMakersRealDealUITests;
			productReference = 87F21A261C69360300C2EAA4 /* LDSStoryMakersRealDealUITests.xctest */;
			productType = "com.apple.product-type.bundle.ui-testing";
		};
/* End PBXNativeTarget section */

/* Begin PBXProject section */
		87F219FC1C69360200C2EAA4 /* Project object */ = {
			isa = PBXProject;
			attributes = {
				LastSwiftUpdateCheck = 0720;
				LastUpgradeCheck = 0720;
				ORGANIZATIONNAME = "Gamaliel Tellez";
				TargetAttributes = {
					87F21A031C69360200C2EAA4 = {
						CreatedOnToolsVersion = 7.2.1;
						DevelopmentTeam = FCJBBVX9H7;
					};
					87F21A1A1C69360300C2EAA4 = {
						CreatedOnToolsVersion = 7.2.1;
						TestTargetID = 87F21A031C69360200C2EAA4;
					};
					87F21A251C69360300C2EAA4 = {
						CreatedOnToolsVersion = 7.2.1;
						TestTargetID = 87F21A031C69360200C2EAA4;
					};
				};
			};
			buildConfigurationList = 87F219FF1C69360200C2EAA4 /* Build configuration list for PBXProject "LDSStoryMakersRealDeal" */;
			compatibilityVersion = "Xcode 3.2";
			developmentRegion = English;
			hasScannedForEncodings = 0;
			knownRegions = (
				en,
				Base,
			);
			mainGroup = 87F219FB1C69360200C2EAA4;
			productRefGroup = 87F21A051C69360200C2EAA4 /* Products */;
			projectDirPath = "";
			projectRoot = "";
			targets = (
				87F21A031C69360200C2EAA4 /* LDSStoryMakersRealDeal */,
				87F21A1A1C69360300C2EAA4 /* LDSStoryMakersRealDealTests */,
				87F21A251C69360300C2EAA4 /* LDSStoryMakersRealDealUITests */,
			);
		};
/* End PBXProject section */

/* Begin PBXResourcesBuildPhase section */
		87F21A021C69360200C2EAA4 /* Resources */ = {
			isa = PBXResourcesBuildPhase;
			buildActionMask = 2147483647;
			files = (
				87F330F11CA22771004E90BD /* WAActivityIndicatorView in Resources */,
				87F330F31CA23ECA004E90BD /* Images.xcassets in Resources */,
				875D55F11C92830E00EEF930 /* Assets.xcassets in Resources */,
				87F0AB2A1C9A4B370074D3C0 /* Launch Screen.storyboard in Resources */,
				87F21A0D1C69360300C2EAA4 /* Main.storyboard in Resources */,
			);
			runOnlyForDeploymentPostprocessing = 0;
		};
		87F21A191C69360300C2EAA4 /* Resources */ = {
			isa = PBXResourcesBuildPhase;
			buildActionMask = 2147483647;
			files = (
			);
			runOnlyForDeploymentPostprocessing = 0;
		};
		87F21A241C69360300C2EAA4 /* Resources */ = {
			isa = PBXResourcesBuildPhase;
			buildActionMask = 2147483647;
			files = (
			);
			runOnlyForDeploymentPostprocessing = 0;
		};
/* End PBXResourcesBuildPhase section */

/* Begin PBXShellScriptBuildPhase section */
		59185E81E4DBC69F9D3E90B8 /* Copy Pods Resources */ = {
			isa = PBXShellScriptBuildPhase;
			buildActionMask = 2147483647;
			files = (
			);
			inputPaths = (
			);
			name = "Copy Pods Resources";
			outputPaths = (
			);
			runOnlyForDeploymentPostprocessing = 0;
			shellPath = /bin/sh;
			shellScript = "\"${SRCROOT}/Pods/Target Support Files/Pods-LDSStoryMakersRealDeal/Pods-LDSStoryMakersRealDeal-resources.sh\"\n";
			showEnvVarsInLog = 0;
		};
		C1E6D544EEF1BA7F1117F7AC /* Embed Pods Frameworks */ = {
			isa = PBXShellScriptBuildPhase;
			buildActionMask = 2147483647;
			files = (
			);
			inputPaths = (
			);
			name = "Embed Pods Frameworks";
			outputPaths = (
			);
			runOnlyForDeploymentPostprocessing = 0;
			shellPath = /bin/sh;
			shellScript = "\"${SRCROOT}/Pods/Target Support Files/Pods-LDSStoryMakersRealDeal/Pods-LDSStoryMakersRealDeal-frameworks.sh\"\n";
			showEnvVarsInLog = 0;
		};
		E2C7C7A115CD3396425DC2E6 /* Check Pods Manifest.lock */ = {
			isa = PBXShellScriptBuildPhase;
			buildActionMask = 2147483647;
			files = (
			);
			inputPaths = (
			);
			name = "Check Pods Manifest.lock";
			outputPaths = (
			);
			runOnlyForDeploymentPostprocessing = 0;
			shellPath = /bin/sh;
			shellScript = "diff \"${PODS_ROOT}/../Podfile.lock\" \"${PODS_ROOT}/Manifest.lock\" > /dev/null\nif [[ $? != 0 ]] ; then\n    cat << EOM\nerror: The sandbox is not in sync with the Podfile.lock. Run 'pod install' or update your CocoaPods installation.\nEOM\n    exit 1\nfi\n";
			showEnvVarsInLog = 0;
		};
/* End PBXShellScriptBuildPhase section */

/* Begin PBXSourcesBuildPhase section */
		87F21A001C69360200C2EAA4 /* Sources */ = {
			isa = PBXSourcesBuildPhase;
			buildActionMask = 2147483647;
			files = (
				8792D0EA1C7CDDF00029E532 /* DetailBreakoutDataSource.swift in Sources */,
				873811251C76E10600F4A2D1 /* TableViewDataSource.swift in Sources */,
				87616FC81CAC26A6007A996A /* Notification+CoreDataProperties.swift in Sources */,
				8774D89C1C976B3600136514 /* MandatoryClassCell.swift in Sources */,
				87C416A81C7FAAEA00D99E17 /* ClassToSchedule.swift in Sources */,
				87B0703A1C78C9BD00014DD1 /* ManagedObjectsController.swift in Sources */,
				8792D0E81C7CDD500029E532 /* DetailBreakoutVC.swift in Sources */,
				87F1D3A01C7A988100D6AA87 /* BreakoutCell.swift in Sources */,
				87616FCB1CAC26A6007A996A /* Presentation.swift in Sources */,
				87616FC91CAC26A6007A996A /* Notification.swift in Sources */,
				87616FC71CAC26A6007A996A /* Speaker.swift in Sources */,
				87B070381C78251600014DD1 /* FullScheduleViewController.swift in Sources */,
				87BACC2E1C9A523A003E917C /* SettingsVC.swift in Sources */,
				878E2ECF1C8285600050D934 /* UpcomingClassCell.swift in Sources */,
				87616FC31CAC26A6007A996A /* Breakout.swift in Sources */,
				87D257FF1C79A2C1000368FC /* BreakoutsDataSource.swift in Sources */,
				87D35D551C88D4500009EFF1 /* ViewFullScheduleCell.swift in Sources */,
				87D35D571C88D9940009EFF1 /* FullPersonalSchedule.swift in Sources */,
				87C416741C7F6B1F00D99E17 /* SpeakerBioView.swift in Sources */,
				87616FC41CAC26A6007A996A /* ScheduleItem+CoreDataProperties.swift in Sources */,
				87616FCC1CAC26A6007A996A /* ClassScheduled+CoreDataProperties.swift in Sources */,
				87616FCA1CAC26A6007A996A /* Presentation+CoreDataProperties.swift in Sources */,
				87616FC21CAC26A6007A996A /* Breakout+CoreDataProperties.swift in Sources */,
				8792D0EC1C7CE2010029E532 /* PresentationCell.swift in Sources */,
				873811231C76B3A500F4A2D1 /* HomeViewController.swift in Sources */,
				87D35D5A1C88DE390009EFF1 /* PersonalScheduleDS.swift in Sources */,
				87F21A081C69360300C2EAA4 /* AppDelegate.swift in Sources */,
				87D35D5C1C88E0CF0009EFF1 /* PersonalScheduleCell.swift in Sources */,
				87616FC61CAC26A6007A996A /* Speaker+CoreDataProperties.swift in Sources */,
				8741B1E11C7E117800EFAA8B /* AppAppearance.swift in Sources */,
				8741B1E31C7E2BCF00EFAA8B /* ClassDetailView.swift in Sources */,
				87F21A101C69360300C2EAA4 /* LDSStoryMakersRealDeal.xcdatamodeld in Sources */,
				87F21A391C69380A00C2EAA4 /* NSURLSessionController.swift in Sources */,
				87616FCD1CAC26A6007A996A /* ClassScheduled.swift in Sources */,
				87C416761C7F915E00D99E17 /* AddRemoveClass.swift in Sources */,
				87616FC51CAC26A6007A996A /* ScheduleItem.swift in Sources */,
				878E2ECB1C8274D30050D934 /* NextClassCell.swift in Sources */,
			);
			runOnlyForDeploymentPostprocessing = 0;
		};
		87F21A171C69360300C2EAA4 /* Sources */ = {
			isa = PBXSourcesBuildPhase;
			buildActionMask = 2147483647;
			files = (
				87F21A201C69360300C2EAA4 /* LDSStoryMakersRealDealTests.swift in Sources */,
			);
			runOnlyForDeploymentPostprocessing = 0;
		};
		87F21A221C69360300C2EAA4 /* Sources */ = {
			isa = PBXSourcesBuildPhase;
			buildActionMask = 2147483647;
			files = (
				87F21A2B1C69360300C2EAA4 /* LDSStoryMakersRealDealUITests.swift in Sources */,
			);
			runOnlyForDeploymentPostprocessing = 0;
		};
/* End PBXSourcesBuildPhase section */

/* Begin PBXTargetDependency section */
		87F21A1D1C69360300C2EAA4 /* PBXTargetDependency */ = {
			isa = PBXTargetDependency;
			target = 87F21A031C69360200C2EAA4 /* LDSStoryMakersRealDeal */;
			targetProxy = 87F21A1C1C69360300C2EAA4 /* PBXContainerItemProxy */;
		};
		87F21A281C69360300C2EAA4 /* PBXTargetDependency */ = {
			isa = PBXTargetDependency;
			target = 87F21A031C69360200C2EAA4 /* LDSStoryMakersRealDeal */;
			targetProxy = 87F21A271C69360300C2EAA4 /* PBXContainerItemProxy */;
		};
/* End PBXTargetDependency section */

/* Begin PBXVariantGroup section */
		87F21A0B1C69360300C2EAA4 /* Main.storyboard */ = {
			isa = PBXVariantGroup;
			children = (
				87F21A0C1C69360300C2EAA4 /* Base */,
			);
			name = Main.storyboard;
			sourceTree = "<group>";
		};
/* End PBXVariantGroup section */

/* Begin XCBuildConfiguration section */
		87F21A2D1C69360300C2EAA4 /* Debug */ = {
			isa = XCBuildConfiguration;
			buildSettings = {
				ALWAYS_SEARCH_USER_PATHS = NO;
				CLANG_CXX_LANGUAGE_STANDARD = "gnu++0x";
				CLANG_CXX_LIBRARY = "libc++";
				CLANG_ENABLE_MODULES = YES;
				CLANG_ENABLE_OBJC_ARC = YES;
				CLANG_WARN_BOOL_CONVERSION = YES;
				CLANG_WARN_CONSTANT_CONVERSION = YES;
				CLANG_WARN_DIRECT_OBJC_ISA_USAGE = YES_ERROR;
				CLANG_WARN_EMPTY_BODY = YES;
				CLANG_WARN_ENUM_CONVERSION = YES;
				CLANG_WARN_INT_CONVERSION = YES;
				CLANG_WARN_OBJC_ROOT_CLASS = YES_ERROR;
				CLANG_WARN_UNREACHABLE_CODE = YES;
				CLANG_WARN__DUPLICATE_METHOD_MATCH = YES;
				"CODE_SIGN_IDENTITY[sdk=iphoneos*]" = "iPhone Developer";
				COPY_PHASE_STRIP = NO;
				DEBUG_INFORMATION_FORMAT = dwarf;
				ENABLE_STRICT_OBJC_MSGSEND = YES;
				ENABLE_TESTABILITY = YES;
				GCC_C_LANGUAGE_STANDARD = gnu99;
				GCC_DYNAMIC_NO_PIC = NO;
				GCC_NO_COMMON_BLOCKS = YES;
				GCC_OPTIMIZATION_LEVEL = 0;
				GCC_PREPROCESSOR_DEFINITIONS = (
					"DEBUG=1",
					"$(inherited)",
				);
				GCC_WARN_64_TO_32_BIT_CONVERSION = YES;
				GCC_WARN_ABOUT_RETURN_TYPE = YES_ERROR;
				GCC_WARN_UNDECLARED_SELECTOR = YES;
				GCC_WARN_UNINITIALIZED_AUTOS = YES_AGGRESSIVE;
				GCC_WARN_UNUSED_FUNCTION = YES;
				GCC_WARN_UNUSED_VARIABLE = YES;
				IPHONEOS_DEPLOYMENT_TARGET = 9.2;
				MTL_ENABLE_DEBUG_INFO = YES;
				ONLY_ACTIVE_ARCH = YES;
				SDKROOT = iphoneos;
				SWIFT_OPTIMIZATION_LEVEL = "-Onone";
				TARGETED_DEVICE_FAMILY = "1,2";
			};
			name = Debug;
		};
		87F21A2E1C69360300C2EAA4 /* Release */ = {
			isa = XCBuildConfiguration;
			buildSettings = {
				ALWAYS_SEARCH_USER_PATHS = NO;
				CLANG_CXX_LANGUAGE_STANDARD = "gnu++0x";
				CLANG_CXX_LIBRARY = "libc++";
				CLANG_ENABLE_MODULES = YES;
				CLANG_ENABLE_OBJC_ARC = YES;
				CLANG_WARN_BOOL_CONVERSION = YES;
				CLANG_WARN_CONSTANT_CONVERSION = YES;
				CLANG_WARN_DIRECT_OBJC_ISA_USAGE = YES_ERROR;
				CLANG_WARN_EMPTY_BODY = YES;
				CLANG_WARN_ENUM_CONVERSION = YES;
				CLANG_WARN_INT_CONVERSION = YES;
				CLANG_WARN_OBJC_ROOT_CLASS = YES_ERROR;
				CLANG_WARN_UNREACHABLE_CODE = YES;
				CLANG_WARN__DUPLICATE_METHOD_MATCH = YES;
				"CODE_SIGN_IDENTITY[sdk=iphoneos*]" = "iPhone Developer";
				COPY_PHASE_STRIP = NO;
				DEBUG_INFORMATION_FORMAT = "dwarf-with-dsym";
				ENABLE_NS_ASSERTIONS = NO;
				ENABLE_STRICT_OBJC_MSGSEND = YES;
				GCC_C_LANGUAGE_STANDARD = gnu99;
				GCC_NO_COMMON_BLOCKS = YES;
				GCC_WARN_64_TO_32_BIT_CONVERSION = YES;
				GCC_WARN_ABOUT_RETURN_TYPE = YES_ERROR;
				GCC_WARN_UNDECLARED_SELECTOR = YES;
				GCC_WARN_UNINITIALIZED_AUTOS = YES_AGGRESSIVE;
				GCC_WARN_UNUSED_FUNCTION = YES;
				GCC_WARN_UNUSED_VARIABLE = YES;
				IPHONEOS_DEPLOYMENT_TARGET = 9.2;
				MTL_ENABLE_DEBUG_INFO = NO;
				SDKROOT = iphoneos;
				TARGETED_DEVICE_FAMILY = "1,2";
				VALIDATE_PRODUCT = YES;
			};
			name = Release;
		};
		87F21A301C69360300C2EAA4 /* Debug */ = {
			isa = XCBuildConfiguration;
			baseConfigurationReference = A0E924C83E9CB8454AFE5EE7 /* Pods-LDSStoryMakersRealDeal.debug.xcconfig */;
			buildSettings = {
				ASSETCATALOG_COMPILER_APPICON_NAME = AppIcon;
				ASSETCATALOG_COMPILER_LAUNCHIMAGE_NAME = "LaunchImage-1";
				CODE_SIGN_IDENTITY = "iPhone Developer";
				FRAMEWORK_SEARCH_PATHS = "";
				INFOPLIST_FILE = LDSStoryMakersRealDeal/Info.plist;
				LD_RUNPATH_SEARCH_PATHS = "$(inherited) @executable_path/Frameworks";
				PRODUCT_BUNDLE_IDENTIFIER = gamaTellez.LDSStoryMakersRealDeal;
				PRODUCT_NAME = "$(TARGET_NAME)";
				SWIFT_OBJC_BRIDGING_HEADER = "";
			};
			name = Debug;
		};
		87F21A311C69360300C2EAA4 /* Release */ = {
			isa = XCBuildConfiguration;
			baseConfigurationReference = 87F1F551D392D3D0BF60376B /* Pods-LDSStoryMakersRealDeal.release.xcconfig */;
			buildSettings = {
				ASSETCATALOG_COMPILER_APPICON_NAME = AppIcon;
				ASSETCATALOG_COMPILER_LAUNCHIMAGE_NAME = "LaunchImage-1";
				CODE_SIGN_IDENTITY = "iPhone Developer";
				FRAMEWORK_SEARCH_PATHS = "";
				INFOPLIST_FILE = LDSStoryMakersRealDeal/Info.plist;
				LD_RUNPATH_SEARCH_PATHS = "$(inherited) @executable_path/Frameworks";
				PRODUCT_BUNDLE_IDENTIFIER = gamaTellez.LDSStoryMakersRealDeal;
				PRODUCT_NAME = "$(TARGET_NAME)";
				SWIFT_OBJC_BRIDGING_HEADER = "";
			};
			name = Release;
		};
		87F21A331C69360300C2EAA4 /* Debug */ = {
			isa = XCBuildConfiguration;
			buildSettings = {
				BUNDLE_LOADER = "$(TEST_HOST)";
				INFOPLIST_FILE = LDSStoryMakersRealDealTests/Info.plist;
				LD_RUNPATH_SEARCH_PATHS = "$(inherited) @executable_path/Frameworks @loader_path/Frameworks";
				PRODUCT_BUNDLE_IDENTIFIER = gamaTellez.LDSStoryMakersRealDealTests;
				PRODUCT_NAME = "$(TARGET_NAME)";
				TEST_HOST = "$(BUILT_PRODUCTS_DIR)/LDSStoryMakersRealDeal.app/LDSStoryMakersRealDeal";
			};
			name = Debug;
		};
		87F21A341C69360300C2EAA4 /* Release */ = {
			isa = XCBuildConfiguration;
			buildSettings = {
				BUNDLE_LOADER = "$(TEST_HOST)";
				INFOPLIST_FILE = LDSStoryMakersRealDealTests/Info.plist;
				LD_RUNPATH_SEARCH_PATHS = "$(inherited) @executable_path/Frameworks @loader_path/Frameworks";
				PRODUCT_BUNDLE_IDENTIFIER = gamaTellez.LDSStoryMakersRealDealTests;
				PRODUCT_NAME = "$(TARGET_NAME)";
				TEST_HOST = "$(BUILT_PRODUCTS_DIR)/LDSStoryMakersRealDeal.app/LDSStoryMakersRealDeal";
			};
			name = Release;
		};
		87F21A361C69360300C2EAA4 /* Debug */ = {
			isa = XCBuildConfiguration;
			buildSettings = {
				INFOPLIST_FILE = LDSStoryMakersRealDealUITests/Info.plist;
				LD_RUNPATH_SEARCH_PATHS = "$(inherited) @executable_path/Frameworks @loader_path/Frameworks";
				PRODUCT_BUNDLE_IDENTIFIER = gamaTellez.LDSStoryMakersRealDealUITests;
				PRODUCT_NAME = "$(TARGET_NAME)";
				TEST_TARGET_NAME = LDSStoryMakersRealDeal;
				USES_XCTRUNNER = YES;
			};
			name = Debug;
		};
		87F21A371C69360300C2EAA4 /* Release */ = {
			isa = XCBuildConfiguration;
			buildSettings = {
				INFOPLIST_FILE = LDSStoryMakersRealDealUITests/Info.plist;
				LD_RUNPATH_SEARCH_PATHS = "$(inherited) @executable_path/Frameworks @loader_path/Frameworks";
				PRODUCT_BUNDLE_IDENTIFIER = gamaTellez.LDSStoryMakersRealDealUITests;
				PRODUCT_NAME = "$(TARGET_NAME)";
				TEST_TARGET_NAME = LDSStoryMakersRealDeal;
				USES_XCTRUNNER = YES;
			};
			name = Release;
		};
/* End XCBuildConfiguration section */

/* Begin XCConfigurationList section */
		87F219FF1C69360200C2EAA4 /* Build configuration list for PBXProject "LDSStoryMakersRealDeal" */ = {
			isa = XCConfigurationList;
			buildConfigurations = (
				87F21A2D1C69360300C2EAA4 /* Debug */,
				87F21A2E1C69360300C2EAA4 /* Release */,
			);
			defaultConfigurationIsVisible = 0;
			defaultConfigurationName = Release;
		};
		87F21A2F1C69360300C2EAA4 /* Build configuration list for PBXNativeTarget "LDSStoryMakersRealDeal" */ = {
			isa = XCConfigurationList;
			buildConfigurations = (
				87F21A301C69360300C2EAA4 /* Debug */,
				87F21A311C69360300C2EAA4 /* Release */,
			);
			defaultConfigurationIsVisible = 0;
			defaultConfigurationName = Release;
		};
		87F21A321C69360300C2EAA4 /* Build configuration list for PBXNativeTarget "LDSStoryMakersRealDealTests" */ = {
			isa = XCConfigurationList;
			buildConfigurations = (
				87F21A331C69360300C2EAA4 /* Debug */,
				87F21A341C69360300C2EAA4 /* Release */,
			);
			defaultConfigurationIsVisible = 0;
			defaultConfigurationName = Release;
		};
		87F21A351C69360300C2EAA4 /* Build configuration list for PBXNativeTarget "LDSStoryMakersRealDealUITests" */ = {
			isa = XCConfigurationList;
			buildConfigurations = (
				87F21A361C69360300C2EAA4 /* Debug */,
				87F21A371C69360300C2EAA4 /* Release */,
			);
			defaultConfigurationIsVisible = 0;
			defaultConfigurationName = Release;
		};
/* End XCConfigurationList section */

/* Begin XCVersionGroup section */
		87F21A0E1C69360300C2EAA4 /* LDSStoryMakersRealDeal.xcdatamodeld */ = {
			isa = XCVersionGroup;
			children = (
				87F21A0F1C69360300C2EAA4 /* LDSStoryMakersRealDeal.xcdatamodel */,
			);
			currentVersion = 87F21A0F1C69360300C2EAA4 /* LDSStoryMakersRealDeal.xcdatamodel */;
			path = LDSStoryMakersRealDeal.xcdatamodeld;
			sourceTree = "<group>";
			versionGroupType = wrapper.xcdatamodel;
		};
/* End XCVersionGroup section */
	};
	rootObject = 87F219FC1C69360200C2EAA4 /* Project object */;
}
